
Microsoft Visual Studio Solution File, Format Version 12.00
# Visual Studio Version 16
VisualStudioVersion = 16.0.32106.194
MinimumVisualStudioVersion = 10.0.40219.1
Project("{9A19103F-16F7-4668-BE54-9A1E7A4F7556}") = "Practice5Kustov", "Practice5Kustov\Practice5Kustov.csproj", "{5C42AF56-6533-4C6A-8BA2-EA7CF22688A3}"
EndProject
Project("{9A19103F-16F7-4668-BE54-9A1E7A4F7556}") = "Practice4Kustov", "..\Practice4Kustov\Practice4Kustov\Practice4Kustov.csproj", "{8F320C69-BB80-4662-A8B2-245DA9F4C027}"
EndProject
Global
	GlobalSection(SolutionConfigurationPlatforms) = preSolution
		Debug|Any CPU = Debug|Any CPU
		Release|Any CPU = Release|Any CPU
	EndGlobalSection
	GlobalSection(ProjectConfigurationPlatforms) = postSolution
		{5C42AF56-6533-4C6A-8BA2-EA7CF22688A3}.Debug|Any CPU.ActiveCfg = Debug|Any CPU
		{5C42AF56-6533-4C6A-8BA2-EA7CF22688A3}.Debug|Any CPU.Build.0 = Debug|Any CPU
		{5C42AF56-6533-4C6A-8BA2-EA7CF22688A3}.Release|Any CPU.ActiveCfg = Release|Any CPU
		{5C42AF56-6533-4C6A-8BA2-EA7CF22688A3}.Release|Any CPU.Build.0 = Release|Any CPU
		{8F320C69-BB80-4662-A8B2-245DA9F4C027}.Debug|Any CPU.ActiveCfg = Debug|Any CPU
		{8F320C69-BB80-4662-A8B2-245DA9F4C027}.Debug|Any CPU.Build.0 = Debug|Any CPU
		{8F320C69-BB80-4662-A8B2-245DA9F4C027}.Release|Any CPU.ActiveCfg = Release|Any CPU
		{8F320C69-BB80-4662-A8B2-245DA9F4C027}.Release|Any CPU.Build.0 = Release|Any CPU
	EndGlobalSection
	GlobalSection(SolutionProperties) = preSolution
		HideSolutionNode = FALSE
	EndGlobalSection
	GlobalSection(ExtensibilityGlobals) = postSolution
		SolutionGuid = {0821857C-00B0-4D55-A7CC-3952C324CC06}
	EndGlobalSection
EndGlobal
